<?xml version="1.0" encoding="UTF-8"?>
<CONFIG>
  <ProjectOptions>
    <Version Value="10"/>
    <PathDelim Value="\"/>
    <General>
      <Flags>
        <MainUnitHasCreateFormStatements Value="False"/>
        <MainUnitHasTitleStatement Value="False"/>
        <MainUnitHasScaledStatement Value="False"/>
      </Flags>
      <SessionStorage Value="InProjectDir"/>
      <MainUnit Value="0"/>
      <Title Value="test"/>
      <UseAppBundle Value="False"/>
      <ResourceType Value="res"/>
    </General>
    <BuildModes Count="1">
      <Item1 Name="Default" Default="True"/>
    </BuildModes>
    <PublishOptions>
      <Version Value="2"/>
    </PublishOptions>
    <RunParams>
      <local>
        <FormatVersion Value="1"/>
      </local>
      <environment>
        <UserOverrides Count="1">
          <Variable0 Name="Path" Value="C:\Users\Richard\scripts;C:\tools\general;C:\tools\maven\apache-maven-3.5.3\bin;C:\Program Files\Java\jdk1.8.0_111\bin;C:\Program Files\Java\jdk1.8.0_111\jre\bin\classic;C:\tools\ftjam;C:\Program Files (x86)\Microsoft Visual Studio 14.0\Common7\IDE\CommonExtensions\Microsoft\TestWindow;C:\Program Files (x86)\MSBuild\14.0\bin;C:\Program Files (x86)\Microsoft Visual Studio 14.0\Common7\IDE\;C:\Program Files (x86)\Microsoft Visual Studio 14.0\VC\BIN\x86_amd64;C:\Program Files (x86)\Microsoft Visual Studio 14.0\VC\BIN;C:\Program Files (x86)\Microsoft Visual Studio 14.0\Common7\Tools;C:\WINDOWS\Microsoft.NET\Framework\v4.0.30319;C:\Program Files (x86)\Microsoft Visual Studio 14.0\VC\VCPackages;C:\Program Files (x86)\HTML Help Workshop;C:\Program Files (x86)\Microsoft Visual Studio 14.0\Team Tools\Performance Tools;C:\Program Files (x86)\Windows Kits\8.1\bin\x86;C:\Program Files (x86)\Microsoft SDKs\Windows\v10.0A\bin\NETFX 4.6.1 Tools\;C:\WINDOWS\system32;C:\WINDOWS;C:\WINDOWS\System32\Wbem;C:\WINDOWS\System32\WindowsPowerShell\v1.0\;C:\Program Files (x86)\SlickEditV15.0.1\win;C:\Program Files\Beyond Compare 2;C:\tools\ant\apache-ant-1.9.4\bin;C:\tools\python\Python27-32;C:\tools\python\Python27-32\Scripts;C:\Users\Richard\Documents\Packages\Tools\gradle\gradle-2.14\bin;C:\tools\go\bin;C:\Users\Richard\go\bin;C:\Program Files\nodejs;C:\program files (x86)\microsoft vs code;C:\Users\Richard\AppData\Roaming\npm;C:\Program Files\TortoiseSVN\bin;C:\tools\python\Python27-32"/>
        </UserOverrides>
      </environment>
    </RunParams>
    <RequiredPackages Count="1">
      <Item1>
        <PackageName Value="LazUtils"/>
      </Item1>
    </RequiredPackages>
    <Units Count="10">
      <Unit0>
        <Filename Value="test.lpr"/>
        <IsPartOfProject Value="True"/>
        <UnitName Value="client"/>
      </Unit0>
      <Unit1>
        <Filename Value="runner.pas"/>
        <IsPartOfProject Value="True"/>
        <UnitName Value="Runner"/>
      </Unit1>
      <Unit2>
        <Filename Value="streamreader.pas"/>
        <IsPartOfProject Value="True"/>
        <UnitName Value="StreamReader"/>
      </Unit2>
      <Unit3>
        <Filename Value="runnerinterfaces.pas"/>
        <IsPartOfProject Value="True"/>
        <UnitName Value="RunnerInterfaces"/>
      </Unit3>
      <Unit4>
        <Filename Value="testcase.pas"/>
        <IsPartOfProject Value="True"/>
        <UnitName Value="TestCase"/>
      </Unit4>
      <Unit5>
        <Filename Value="semaphores.pas"/>
        <IsPartOfProject Value="True"/>
        <UnitName Value="Semaphores"/>
      </Unit5>
      <Unit6>
        <Filename Value="runnerasync.pas"/>
        <IsPartOfProject Value="True"/>
        <UnitName Value="RunnerAsync"/>
      </Unit6>
      <Unit7>
        <Filename Value="runnerlogger.pas"/>
        <IsPartOfProject Value="True"/>
        <UnitName Value="RunnerLogger"/>
      </Unit7>
      <Unit8>
        <Filename Value="responseitem.pas"/>
        <IsPartOfProject Value="True"/>
        <UnitName Value="ResponseItem"/>
      </Unit8>
      <Unit9>
        <Filename Value="runnerexception.pas"/>
        <IsPartOfProject Value="True"/>
        <UnitName Value="RunnerException"/>
      </Unit9>
    </Units>
  </ProjectOptions>
  <CompilerOptions>
    <Version Value="11"/>
    <PathDelim Value="\"/>
    <Target>
      <Filename Value="test"/>
    </Target>
    <SearchPaths>
      <IncludeFiles Value="$(ProjOutDir)"/>
      <UnitOutputDirectory Value="lib\$(TargetCPU)-$(TargetOS)"/>
    </SearchPaths>
  </CompilerOptions>
  <Debugging>
    <Exceptions Count="3">
      <Item1>
        <Name Value="EAbort"/>
      </Item1>
      <Item2>
        <Name Value="ECodetoolError"/>
      </Item2>
      <Item3>
        <Name Value="EFOpenError"/>
      </Item3>
    </Exceptions>
  </Debugging>
</CONFIG>
