<?xml version="1.0" encoding="UTF-8"?>
<CONFIG>
  <ProjectOptions>
    <Version Value="10"/>
    <PathDelim Value="\"/>
    <General>
      <Flags>
        <MainUnitHasCreateFormStatements Value="False"/>
        <MainUnitHasTitleStatement Value="False"/>
        <MainUnitHasScaledStatement Value="False"/>
      </Flags>
      <SessionStorage Value="InProjectDir"/>
      <MainUnit Value="0"/>
      <Title Value="test"/>
      <UseAppBundle Value="False"/>
      <ResourceType Value="res"/>
    </General>
    <BuildModes Count="1">
      <Item1 Name="Default" Default="True"/>
    </BuildModes>
    <PublishOptions>
      <Version Value="2"/>
    </PublishOptions>
    <RunParams>
      <local>
        <FormatVersion Value="1"/>
      </local>
    </RunParams>
    <RequiredPackages Count="1">
      <Item1>
        <PackageName Value="LazUtils"/>
      </Item1>
    </RequiredPackages>
    <Units Count="6">
      <Unit0>
        <Filename Value="test.lpr"/>
        <IsPartOfProject Value="True"/>
        <UnitName Value="client"/>
      </Unit0>
      <Unit1>
        <Filename Value="runner.pas"/>
        <IsPartOfProject Value="True"/>
        <UnitName Value="Runner"/>
      </Unit1>
      <Unit2>
        <Filename Value="streamreader.pas"/>
        <IsPartOfProject Value="True"/>
        <UnitName Value="StreamReader"/>
      </Unit2>
      <Unit3>
        <Filename Value="runnerinterfaces.pas"/>
        <IsPartOfProject Value="True"/>
        <UnitName Value="RunnerInterfaces"/>
      </Unit3>
      <Unit4>
        <Filename Value="testcase.pas"/>
        <IsPartOfProject Value="True"/>
        <UnitName Value="TestCase"/>
      </Unit4>
      <Unit5>
        <Filename Value="semaphores.pas"/>
        <IsPartOfProject Value="True"/>
        <UnitName Value="Semaphores"/>
      </Unit5>
    </Units>
  </ProjectOptions>
  <CompilerOptions>
    <Version Value="11"/>
    <PathDelim Value="\"/>
    <Target>
      <Filename Value="test"/>
    </Target>
    <SearchPaths>
      <IncludeFiles Value="$(ProjOutDir)"/>
      <UnitOutputDirectory Value="lib\$(TargetCPU)-$(TargetOS)"/>
    </SearchPaths>
  </CompilerOptions>
  <Debugging>
    <Exceptions Count="3">
      <Item1>
        <Name Value="EAbort"/>
      </Item1>
      <Item2>
        <Name Value="ECodetoolError"/>
      </Item2>
      <Item3>
        <Name Value="EFOpenError"/>
      </Item3>
    </Exceptions>
  </Debugging>
</CONFIG>
